{
  "meteor": {},
  "dependencies": {
    "basePackages": {
      "streams": {},
      "bower": {},
      "user-status": {},
      "bootstrap-3": {}
    },
    "packages": {
      "streams": {
        "git": "https://github.com/arunoda/meteor-streams.git",
        "tag": "v0.1.17",
        "commit": "9fcbbc9b7bf542827babc92089c19e730892a22f"
      },
      "bower": {
        "git": "https://github.com/mquandalle/meteor-bower.git",
        "tag": "v0.1.10",
        "commit": "ba0081a9f2919918f48f6b2f9e2f33729c79aecc"
      },
      "user-status": {
        "git": "https://github.com/mizzao/meteor-user-status.git",
        "tag": "v0.6.0",
        "commit": "dba80d742522ac104f2155f1db852922e4249f96"
      },
      "bootstrap-3": {
        "git": "https://github.com/mangasocial/meteor-bootstrap-3.git",
        "tag": "v3.2.0-1",
        "commit": "17a63902fc6cf1096c5289d963c66cf28b474727"
      },
      "timesync": {
        "git": "https://github.com/mizzao/meteor-timesync.git",
        "tag": "v0.2.1",
        "commit": "fa4abd511f4e32a3c5d22795ce2c1e8369428fac"
      }
    }
  }
}
